
Microsoft Visual Studio Solution File, Format Version 12.00
# Visual Studio Version 17
VisualStudioVersion = 17.2.32526.322
MinimumVisualStudioVersion = 10.0.40219.1
Project("{FAE04EC0-301F-11D3-BF4B-00C04F79EFBC}") = "String Function test", "String Function test\String Function test.csproj", "{42ECF270-9D8E-4B0E-8CFB-519BEC5E3880}"
EndProject
Global
	GlobalSection(SolutionConfigurationPlatforms) = preSolution
		Debug|Any CPU = Debug|Any CPU
		Release|Any CPU = Release|Any CPU
	EndGlobalSection
	GlobalSection(ProjectConfigurationPlatforms) = postSolution
		{42ECF270-9D8E-4B0E-8CFB-519BEC5E3880}.Debug|Any CPU.ActiveCfg = Debug|Any CPU
		{42ECF270-9D8E-4B0E-8CFB-519BEC5E3880}.Debug|Any CPU.Build.0 = Debug|Any CPU
		{42ECF270-9D8E-4B0E-8CFB-519BEC5E3880}.Release|Any CPU.ActiveCfg = Release|Any CPU
		{42ECF270-9D8E-4B0E-8CFB-519BEC5E3880}.Release|Any CPU.Build.0 = Release|Any CPU
	EndGlobalSection
	GlobalSection(SolutionProperties) = preSolution
		HideSolutionNode = FALSE
	EndGlobalSection
	GlobalSection(ExtensibilityGlobals) = postSolution
		SolutionGuid = {D0937181-C947-42FC-999B-8E47179D6FCD}
	EndGlobalSection
EndGlobal
